
Microsoft Visual Studio Solution File, Format Version 12.00
Project("{FAE04EC0-301F-11D3-BF4B-00C04F79EFBC}") = "WebComic", "WebComic\WebComic.csproj", "{9DE15152-6EA7-4B4B-B967-4B960ADB5310}"
EndProject
Project("{FAE04EC0-301F-11D3-BF4B-00C04F79EFBC}") = "Model", "Model\Model.csproj", "{042D6F3D-41EC-4882-93F8-8039AACA1308}"
EndProject
Global
	GlobalSection(SolutionConfigurationPlatforms) = preSolution
		Debug|Any CPU = Debug|Any CPU
		Release|Any CPU = Release|Any CPU
	EndGlobalSection
	GlobalSection(ProjectConfigurationPlatforms) = postSolution
		{9DE15152-6EA7-4B4B-B967-4B960ADB5310}.Debug|Any CPU.ActiveCfg = Debug|Any CPU
		{9DE15152-6EA7-4B4B-B967-4B960ADB5310}.Debug|Any CPU.Build.0 = Debug|Any CPU
		{9DE15152-6EA7-4B4B-B967-4B960ADB5310}.Release|Any CPU.ActiveCfg = Release|Any CPU
		{9DE15152-6EA7-4B4B-B967-4B960ADB5310}.Release|Any CPU.Build.0 = Release|Any CPU
		{042D6F3D-41EC-4882-93F8-8039AACA1308}.Debug|Any CPU.ActiveCfg = Debug|Any CPU
		{042D6F3D-41EC-4882-93F8-8039AACA1308}.Debug|Any CPU.Build.0 = Debug|Any CPU
		{042D6F3D-41EC-4882-93F8-8039AACA1308}.Release|Any CPU.ActiveCfg = Release|Any CPU
		{042D6F3D-41EC-4882-93F8-8039AACA1308}.Release|Any CPU.Build.0 = Release|Any CPU
	EndGlobalSection
EndGlobal
